// !$*UTF8*$!
{
	archiveVersion = 1;
	classes = {
	};
	objectVersion = 50;
	objects = {

/* Begin PBXBuildFile section */
		CB42C2FA231EF1AC00580AC7 /* AppDelegate.swift in Sources */ = {isa = PBXBuildFile; fileRef = CB42C2F9231EF1AC00580AC7 /* AppDelegate.swift */; };
		CB42C2FC231EF1AC00580AC7 /* ViewController.swift in Sources */ = {isa = PBXBuildFile; fileRef = CB42C2FB231EF1AC00580AC7 /* ViewController.swift */; };
		CB42C2FF231EF1AC00580AC7 /* Main.storyboard in Resources */ = {isa = PBXBuildFile; fileRef = CB42C2FD231EF1AC00580AC7 /* Main.storyboard */; };
		CB42C301231EF1AD00580AC7 /* Assets.xcassets in Resources */ = {isa = PBXBuildFile; fileRef = CB42C300231EF1AD00580AC7 /* Assets.xcassets */; };
		CB42C304231EF1AD00580AC7 /* LaunchScreen.storyboard in Resources */ = {isa = PBXBuildFile; fileRef = CB42C302231EF1AD00580AC7 /* LaunchScreen.storyboard */; };
		CB42C30F231EF1AD00580AC7 /* concurrencyLabTests.swift in Sources */ = {isa = PBXBuildFile; fileRef = CB42C30E231EF1AD00580AC7 /* concurrencyLabTests.swift */; };
/* End PBXBuildFile section */

/* Begin PBXContainerItemProxy section */
		CB42C30B231EF1AD00580AC7 /* PBXContainerItemProxy */ = {
			isa = PBXContainerItemProxy;
			containerPortal = CB42C2EE231EF1AC00580AC7 /* Project object */;
			proxyType = 1;
			remoteGlobalIDString = CB42C2F5231EF1AC00580AC7;
			remoteInfo = concurrencyLab;
		};
/* End PBXContainerItemProxy section */

/* Begin PBXFileReference section */
		CB42C2F6231EF1AC00580AC7 /* concurrencyLab.app */ = {isa = PBXFileReference; explicitFileType = wrapper.application; includeInIndex = 0; path = concurrencyLab.app; sourceTree = BUILT_PRODUCTS_DIR; };
		CB42C2F9231EF1AC00580AC7 /* AppDelegate.swift */ = {isa = PBXFileReference; lastKnownFileType = sourcecode.swift; path = AppDelegate.swift; sourceTree = "<group>"; };
		CB42C2FB231EF1AC00580AC7 /* ViewController.swift */ = {isa = PBXFileReference; lastKnownFileType = sourcecode.swift; path = ViewController.swift; sourceTree = "<group>"; };
		CB42C2FE231EF1AC00580AC7 /* Base */ = {isa = PBXFileReference; lastKnownFileType = file.storyboard; name = Base; path = Base.lproj/Main.storyboard; sourceTree = "<group>"; };
		CB42C300231EF1AD00580AC7 /* Assets.xcassets */ = {isa = PBXFileReference; lastKnownFileType = folder.assetcatalog; path = Assets.xcassets; sourceTree = "<group>"; };
		CB42C303231EF1AD00580AC7 /* Base */ = {isa = PBXFileReference; lastKnownFileType = file.storyboard; name = Base; path = Base.lproj/LaunchScreen.storyboard; sourceTree = "<group>"; };
		CB42C305231EF1AD00580AC7 /* Info.plist */ = {isa = PBXFileReference; lastKnownFileType = text.plist.xml; path = Info.plist; sourceTree = "<group>"; };
		CB42C30A231EF1AD00580AC7 /* concurrencyLabTests.xctest */ = {isa = PBXFileReference; explicitFileType = wrapper.cfbundle; includeInIndex = 0; path = concurrencyLabTests.xctest; sourceTree = BUILT_PRODUCTS_DIR; };
		CB42C30E231EF1AD00580AC7 /* concurrencyLabTests.swift */ = {isa = PBXFileReference; lastKnownFileType = sourcecode.swift; path = concurrencyLabTests.swift; sourceTree = "<group>"; };
		CB42C310231EF1AD00580AC7 /* Info.plist */ = {isa = PBXFileReference; lastKnownFileType = text.plist.xml; path = Info.plist; sourceTree = "<group>"; };
/* End PBXFileReference section */

/* Begin PBXFrameworksBuildPhase section */
		CB42C2F3231EF1AC00580AC7 /* Frameworks */ = {
			isa = PBXFrameworksBuildPhase;
			buildActionMask = 2147483647;
			files = (
			);
			runOnlyForDeploymentPostprocessing = 0;
		};
		CB42C307231EF1AD00580AC7 /* Frameworks */ = {
			isa = PBXFrameworksBuildPhase;
			buildActionMask = 2147483647;
			files = (
			);
			runOnlyForDeploymentPostprocessing = 0;
		};
/* End PBXFrameworksBuildPhase section */

/* Begin PBXGroup section */
		CB42C2ED231EF1AC00580AC7 = {
			isa = PBXGroup;
			children = (
				CB42C2F8231EF1AC00580AC7 /* concurrencyLab */,
				CB42C30D231EF1AD00580AC7 /* concurrencyLabTests */,
				CB42C2F7231EF1AC00580AC7 /* Products */,
			);
			sourceTree = "<group>";
		};
		CB42C2F7231EF1AC00580AC7 /* Products */ = {
			isa = PBXGroup;
			children = (
				CB42C2F6231EF1AC00580AC7 /* concurrencyLab.app */,
				CB42C30A231EF1AD00580AC7 /* concurrencyLabTests.xctest */,
			);
			name = Products;
			sourceTree = "<group>";
		};
		CB42C2F8231EF1AC00580AC7 /* concurrencyLab */ = {
			isa = PBXGroup;
			children = (
				CB42C2F9231EF1AC00580AC7 /* AppDelegate.swift */,
				CB42C2FB231EF1AC00580AC7 /* ViewController.swift */,
				CB42C2FD231EF1AC00580AC7 /* Main.storyboard */,
				CB42C300231EF1AD00580AC7 /* Assets.xcassets */,
				CB42C302231EF1AD00580AC7 /* LaunchScreen.storyboard */,
				CB42C305231EF1AD00580AC7 /* Info.plist */,
			);
			path = concurrencyLab;
			sourceTree = "<group>";
		};
		CB42C30D231EF1AD00580AC7 /* concurrencyLabTests */ = {
			isa = PBXGroup;
			children = (
				CB42C30E231EF1AD00580AC7 /* concurrencyLabTests.swift */,
				CB42C310231EF1AD00580AC7 /* Info.plist */,
			);
			path = concurrencyLabTests;
			sourceTree = "<group>";
		};
/* End PBXGroup section */

/* Begin PBXNativeTarget section */
		CB42C2F5231EF1AC00580AC7 /* concurrencyLab */ = {
			isa = PBXNativeTarget;
			buildConfigurationList = CB42C313231EF1AD00580AC7 /* Build configuration list for PBXNativeTarget "concurrencyLab" */;
			buildPhases = (
				CB42C2F2231EF1AC00580AC7 /* Sources */,
				CB42C2F3231EF1AC00580AC7 /* Frameworks */,
				CB42C2F4231EF1AC00580AC7 /* Resources */,
			);
			buildRules = (
			);
			dependencies = (
			);
			name = concurrencyLab;
			productName = concurrencyLab;
			productReference = CB42C2F6231EF1AC00580AC7 /* concurrencyLab.app */;
			productType = "com.apple.product-type.application";
		};
		CB42C309231EF1AD00580AC7 /* concurrencyLabTests */ = {
			isa = PBXNativeTarget;
			buildConfigurationList = CB42C316231EF1AD00580AC7 /* Build configuration list for PBXNativeTarget "concurrencyLabTests" */;
			buildPhases = (
				CB42C306231EF1AD00580AC7 /* Sources */,
				CB42C307231EF1AD00580AC7 /* Frameworks */,
				CB42C308231EF1AD00580AC7 /* Resources */,
			);
			buildRules = (
			);
			dependencies = (
				CB42C30C231EF1AD00580AC7 /* PBXTargetDependency */,
			);
			name = concurrencyLabTests;
			productName = concurrencyLabTests;
			productReference = CB42C30A231EF1AD00580AC7 /* concurrencyLabTests.xctest */;
			productType = "com.apple.product-type.bundle.unit-test";
		};
/* End PBXNativeTarget section */

/* Begin PBXProject section */
		CB42C2EE231EF1AC00580AC7 /* Project object */ = {
			isa = PBXProject;
			attributes = {
				LastSwiftUpdateCheck = 1020;
				LastUpgradeCheck = 1020;
				ORGANIZATIONNAME = God;
				TargetAttributes = {
					CB42C2F5231EF1AC00580AC7 = {
						CreatedOnToolsVersion = 10.2.1;
					};
					CB42C309231EF1AD00580AC7 = {
						CreatedOnToolsVersion = 10.2.1;
						TestTargetID = CB42C2F5231EF1AC00580AC7;
					};
				};
			};
			buildConfigurationList = CB42C2F1231EF1AC00580AC7 /* Build configuration list for PBXProject "concurrencyLab" */;
			compatibilityVersion = "Xcode 9.3";
			developmentRegion = en;
			hasScannedForEncodings = 0;
			knownRegions = (
				en,
				Base,
			);
			mainGroup = CB42C2ED231EF1AC00580AC7;
			productRefGroup = CB42C2F7231EF1AC00580AC7 /* Products */;
			projectDirPath = "";
			projectRoot = "";
			targets = (
				CB42C2F5231EF1AC00580AC7 /* concurrencyLab */,
				CB42C309231EF1AD00580AC7 /* concurrencyLabTests */,
			);
		};
/* End PBXProject section */

/* Begin PBXResourcesBuildPhase section */
		CB42C2F4231EF1AC00580AC7 /* Resources */ = {
			isa = PBXResourcesBuildPhase;
			buildActionMask = 2147483647;
			files = (
				CB42C304231EF1AD00580AC7 /* LaunchScreen.storyboard in Resources */,
				CB42C301231EF1AD00580AC7 /* Assets.xcassets in Resources */,
				CB42C2FF231EF1AC00580AC7 /* Main.storyboard in Resources */,
			);
			runOnlyForDeploymentPostprocessing = 0;
		};
		CB42C308231EF1AD00580AC7 /* Resources */ = {
			isa = PBXResourcesBuildPhase;
			buildActionMask = 2147483647;
			files = (
			);
			runOnlyForDeploymentPostprocessing = 0;
		};
/* End PBXResourcesBuildPhase section */

/* Begin PBXSourcesBuildPhase section */
		CB42C2F2231EF1AC00580AC7 /* Sources */ = {
			isa = PBXSourcesBuildPhase;
			buildActionMask = 2147483647;
			files = (
				CB42C2FC231EF1AC00580AC7 /* ViewController.swift in Sources */,
				CB42C2FA231EF1AC00580AC7 /* AppDelegate.swift in Sources */,
			);
			runOnlyForDeploymentPostprocessing = 0;
		};
		CB42C306231EF1AD00580AC7 /* Sources */ = {
			isa = PBXSourcesBuildPhase;
			buildActionMask = 2147483647;
			files = (
				CB42C30F231EF1AD00580AC7 /* concurrencyLabTests.swift in Sources */,
			);
			runOnlyForDeploymentPostprocessing = 0;
		};
/* End PBXSourcesBuildPhase section */

/* Begin PBXTargetDependency section */
		CB42C30C231EF1AD00580AC7 /* PBXTargetDependency */ = {
			isa = PBXTargetDependency;
			target = CB42C2F5231EF1AC00580AC7 /* concurrencyLab */;
			targetProxy = CB42C30B231EF1AD00580AC7 /* PBXContainerItemProxy */;
		};
/* End PBXTargetDependency section */

/* Begin PBXVariantGroup section */
		CB42C2FD231EF1AC00580AC7 /* Main.storyboard */ = {
			isa = PBXVariantGroup;
			children = (
				CB42C2FE231EF1AC00580AC7 /* Base */,
			);
			name = Main.storyboard;
			sourceTree = "<group>";
		};
		CB42C302231EF1AD00580AC7 /* LaunchScreen.storyboard */ = {
			isa = PBXVariantGroup;
			children = (
				CB42C303231EF1AD00580AC7 /* Base */,
			);
			name = LaunchScreen.storyboard;
			sourceTree = "<group>";
		};
/* End PBXVariantGroup section */

/* Begin XCBuildConfiguration section */
		CB42C311231EF1AD00580AC7 /* Debug */ = {
			isa = XCBuildConfiguration;
			buildSettings = {
				ALWAYS_SEARCH_USER_PATHS = NO;
				CLANG_ANALYZER_NONNULL = YES;
				CLANG_ANALYZER_NUMBER_OBJECT_CONVERSION = YES_AGGRESSIVE;
				CLANG_CXX_LANGUAGE_STANDARD = "gnu++14";
				CLANG_CXX_LIBRARY = "libc++";
				CLANG_ENABLE_MODULES = YES;
				CLANG_ENABLE_OBJC_ARC = YES;
				CLANG_ENABLE_OBJC_WEAK = YES;
				CLANG_WARN_BLOCK_CAPTURE_AUTORELEASING = YES;
				CLANG_WARN_BOOL_CONVERSION = YES;
				CLANG_WARN_COMMA = YES;
				CLANG_WARN_CONSTANT_CONVERSION = YES;
				CLANG_WARN_DEPRECATED_OBJC_IMPLEMENTATIONS = YES;
				CLANG_WARN_DIRECT_OBJC_ISA_USAGE = YES_ERROR;
				CLANG_WARN_DOCUMENTATION_COMMENTS = YES;
				CLANG_WARN_EMPTY_BODY = YES;
				CLANG_WARN_ENUM_CONVERSION = YES;
				CLANG_WARN_INFINITE_RECURSION = YES;
				CLANG_WARN_INT_CONVERSION = YES;
				CLANG_WARN_NON_LITERAL_NULL_CONVERSION = YES;
				CLANG_WARN_OBJC_IMPLICIT_RETAIN_SELF = YES;
				CLANG_WARN_OBJC_LITERAL_CONVERSION = YES;
				CLANG_WARN_OBJC_ROOT_CLASS = YES_ERROR;
				CLANG_WARN_RANGE_LOOP_ANALYSIS = YES;
				CLANG_WARN_STRICT_PROTOTYPES = YES;
				CLANG_WARN_SUSPICIOUS_MOVE = YES;
				CLANG_WARN_UNGUARDED_AVAILABILITY = YES_AGGRESSIVE;
				CLANG_WARN_UNREACHABLE_CODE = YES;
				CLANG_WARN__DUPLICATE_METHOD_MATCH = YES;
				CODE_SIGN_IDENTITY = "iPhone Developer";
				COPY_PHASE_STRIP = NO;
				DEBUG_INFORMATION_FORMAT = dwarf;
				ENABLE_STRICT_OBJC_MSGSEND = YES;
				ENABLE_TESTABILITY = YES;
				GCC_C_LANGUAGE_STANDARD = gnu11;
				GCC_DYNAMIC_NO_PIC = NO;
				GCC_NO_COMMON_BLOCKS = YES;
				GCC_OPTIMIZATION_LEVEL = 0;
				GCC_PREPROCESSOR_DEFINITIONS = (
					"DEBUG=1",
					"$(inherited)",
				);
				GCC_WARN_64_TO_32_BIT_CONVERSION = YES;
				GCC_WARN_ABOUT_RETURN_TYPE = YES_ERROR;
				GCC_WARN_UNDECLARED_SELECTOR = YES;
				GCC_WARN_UNINITIALIZED_AUTOS = YES_AGGRESSIVE;
				GCC_WARN_UNUSED_FUNCTION = YES;
				GCC_WARN_UNUSED_VARIABLE = YES;
				IPHONEOS_DEPLOYMENT_TARGET = 12.2;
				MTL_ENABLE_DEBUG_INFO = INCLUDE_SOURCE;
				MTL_FAST_MATH = YES;
				ONLY_ACTIVE_ARCH = YES;
				SDKROOT = iphoneos;
				SWIFT_ACTIVE_COMPILATION_CONDITIONS = DEBUG;
				SWIFT_OPTIMIZATION_LEVEL = "-Onone";
			};
			name = Debug;
		};
		CB42C312231EF1AD00580AC7 /* Release */ = {
			isa = XCBuildConfiguration;
			buildSettings = {
				ALWAYS_SEARCH_USER_PATHS = NO;
				CLANG_ANALYZER_NONNULL = YES;
				CLANG_ANALYZER_NUMBER_OBJECT_CONVERSION = YES_AGGRESSIVE;
				CLANG_CXX_LANGUAGE_STANDARD = "gnu++14";
				CLANG_CXX_LIBRARY = "libc++";
				CLANG_ENABLE_MODULES = YES;
				CLANG_ENABLE_OBJC_ARC = YES;
				CLANG_ENABLE_OBJC_WEAK = YES;
				CLANG_WARN_BLOCK_CAPTURE_AUTORELEASING = YES;
				CLANG_WARN_BOOL_CONVERSION = YES;
				CLANG_WARN_COMMA = YES;
				CLANG_WARN_CONSTANT_CONVERSION = YES;
				CLANG_WARN_DEPRECATED_OBJC_IMPLEMENTATIONS = YES;
				CLANG_WARN_DIRECT_OBJC_ISA_USAGE = YES_ERROR;
				CLANG_WARN_DOCUMENTATION_COMMENTS = YES;
				CLANG_WARN_EMPTY_BODY = YES;
				CLANG_WARN_ENUM_CONVERSION = YES;
				CLANG_WARN_INFINITE_RECURSION = YES;
				CLANG_WARN_INT_CONVERSION = YES;
				CLANG_WARN_NON_LITERAL_NULL_CONVERSION = YES;
				CLANG_WARN_OBJC_IMPLICIT_RETAIN_SELF = YES;
				CLANG_WARN_OBJC_LITERAL_CONVERSION = YES;
				CLANG_WARN_OBJC_ROOT_CLASS = YES_ERROR;
				CLANG_WARN_RANGE_LOOP_ANALYSIS = YES;
				CLANG_WARN_STRICT_PROTOTYPES = YES;
				CLANG_WARN_SUSPICIOUS_MOVE = YES;
				CLANG_WARN_UNGUARDED_AVAILABILITY = YES_AGGRESSIVE;
				CLANG_WARN_UNREACHABLE_CODE = YES;
				CLANG_WARN__DUPLICATE_METHOD_MATCH = YES;
				CODE_SIGN_IDENTITY = "iPhone Developer";
				COPY_PHASE_STRIP = NO;
				DEBUG_INFORMATION_FORMAT = "dwarf-with-dsym";
				ENABLE_NS_ASSERTIONS = NO;
				ENABLE_STRICT_OBJC_MSGSEND = YES;
				GCC_C_LANGUAGE_STANDARD = gnu11;
				GCC_NO_COMMON_BLOCKS = YES;
				GCC_WARN_64_TO_32_BIT_CONVERSION = YES;
				GCC_WARN_ABOUT_RETURN_TYPE = YES_ERROR;
				GCC_WARN_UNDECLARED_SELECTOR = YES;
				GCC_WARN_UNINITIALIZED_AUTOS = YES_AGGRESSIVE;
				GCC_WARN_UNUSED_FUNCTION = YES;
				GCC_WARN_UNUSED_VARIABLE = YES;
				IPHONEOS_DEPLOYMENT_TARGET = 12.2;
				MTL_ENABLE_DEBUG_INFO = NO;
				MTL_FAST_MATH = YES;
				SDKROOT = iphoneos;
				SWIFT_COMPILATION_MODE = wholemodule;
				SWIFT_OPTIMIZATION_LEVEL = "-O";
				VALIDATE_PRODUCT = YES;
			};
			name = Release;
		};
		CB42C314231EF1AD00580AC7 /* Debug */ = {
			isa = XCBuildConfiguration;
			buildSettings = {
				ASSETCATALOG_COMPILER_APPICON_NAME = AppIcon;
				CODE_SIGN_STYLE = Automatic;
				INFOPLIST_FILE = concurrencyLab/Info.plist;
				LD_RUNPATH_SEARCH_PATHS = (
					"$(inherited)",
					"@executable_path/Frameworks",
				);
				PRODUCT_BUNDLE_IDENTIFIER = "The-Best-Programmer-Ever.concurrencyLab";
				PRODUCT_NAME = "$(TARGET_NAME)";
				SWIFT_VERSION = 5.0;
				TARGETED_DEVICE_FAMILY = "1,2";
			};
			name = Debug;
		};
		CB42C315231EF1AD00580AC7 /* Release */ = {
			isa = XCBuildConfiguration;
			buildSettings = {
				ASSETCATALOG_COMPILER_APPICON_NAME = AppIcon;
				CODE_SIGN_STYLE = Automatic;
				INFOPLIST_FILE = concurrencyLab/Info.plist;
				LD_RUNPATH_SEARCH_PATHS = (
					"$(inherited)",
					"@executable_path/Frameworks",
				);
				PRODUCT_BUNDLE_IDENTIFIER = "The-Best-Programmer-Ever.concurrencyLab";
				PRODUCT_NAME = "$(TARGET_NAME)";
				SWIFT_VERSION = 5.0;
				TARGETED_DEVICE_FAMILY = "1,2";
			};
			name = Release;
		};
		CB42C317231EF1AD00580AC7 /* Debug */ = {
			isa = XCBuildConfiguration;
			buildSettings = {
				ALWAYS_EMBED_SWIFT_STANDARD_LIBRARIES = YES;
				BUNDLE_LOADER = "$(TEST_HOST)";
				CODE_SIGN_STYLE = Automatic;
				INFOPLIST_FILE = concurrencyLabTests/Info.plist;
				LD_RUNPATH_SEARCH_PATHS = (
					"$(inherited)",
					"@executable_path/Frameworks",
					"@loader_path/Frameworks",
				);
				PRODUCT_BUNDLE_IDENTIFIER = "The-Best-Programmer-Ever.concurrencyLabTests";
				PRODUCT_NAME = "$(TARGET_NAME)";
				SWIFT_VERSION = 5.0;
				TARGETED_DEVICE_FAMILY = "1,2";
				TEST_HOST = "$(BUILT_PRODUCTS_DIR)/concurrencyLab.app/concurrencyLab";
			};
			name = Debug;
		};
		CB42C318231EF1AD00580AC7 /* Release */ = {
			isa = XCBuildConfiguration;
			buildSettings = {
				ALWAYS_EMBED_SWIFT_STANDARD_LIBRARIES = YES;
				BUNDLE_LOADER = "$(TEST_HOST)";
				CODE_SIGN_STYLE = Automatic;
				INFOPLIST_FILE = concurrencyLabTests/Info.plist;
				LD_RUNPATH_SEARCH_PATHS = (
					"$(inherited)",
					"@executable_path/Frameworks",
					"@loader_path/Frameworks",
				);
				PRODUCT_BUNDLE_IDENTIFIER = "The-Best-Programmer-Ever.concurrencyLabTests";
				PRODUCT_NAME = "$(TARGET_NAME)";
				SWIFT_VERSION = 5.0;
				TARGETED_DEVICE_FAMILY = "1,2";
				TEST_HOST = "$(BUILT_PRODUCTS_DIR)/concurrencyLab.app/concurrencyLab";
			};
			name = Release;
		};
/* End XCBuildConfiguration section */

/* Begin XCConfigurationList section */
		CB42C2F1231EF1AC00580AC7 /* Build configuration list for PBXProject "concurrencyLab" */ = {
			isa = XCConfigurationList;
			buildConfigurations = (
				CB42C311231EF1AD00580AC7 /* Debug */,
				CB42C312231EF1AD00580AC7 /* Release */,
			);
			defaultConfigurationIsVisible = 0;
			defaultConfigurationName = Release;
		};
		CB42C313231EF1AD00580AC7 /* Build configuration list for PBXNativeTarget "concurrencyLab" */ = {
			isa = XCConfigurationList;
			buildConfigurations = (
				CB42C314231EF1AD00580AC7 /* Debug */,
				CB42C315231EF1AD00580AC7 /* Release */,
			);
			defaultConfigurationIsVisible = 0;
			defaultConfigurationName = Release;
		};
		CB42C316231EF1AD00580AC7 /* Build configuration list for PBXNativeTarget "concurrencyLabTests" */ = {
			isa = XCConfigurationList;
			buildConfigurations = (
				CB42C317231EF1AD00580AC7 /* Debug */,
				CB42C318231EF1AD00580AC7 /* Release */,
			);
			defaultConfigurationIsVisible = 0;
			defaultConfigurationName = Release;
		};
/* End XCConfigurationList section */
	};
	rootObject = CB42C2EE231EF1AC00580AC7 /* Project object */;
}
